
Microsoft Visual Studio Solution File, Format Version 12.00
# Visual Studio Version 17
VisualStudioVersion = 17.0.31903.59
MinimumVisualStudioVersion = 10.0.40219.1
Project("{2150E333-8FDC-42A3-9474-1A3956D46DE8}") = "src", "src", "{7AD2028F-68DE-4F5E-98F1-BDD8BB6205B0}"
EndProject
Project("{FAE04EC0-301F-11D3-BF4B-00C04F79EFBC}") = "BotTelegram", "src\BotTelegram\BotTelegram.csproj", "{3CC7FDA3-D7C6-474E-9800-2E77B6325C07}"
EndProject
Global
	GlobalSection(SolutionConfigurationPlatforms) = preSolution
		Debug|Any CPU = Debug|Any CPU
		Release|Any CPU = Release|Any CPU
	EndGlobalSection
	GlobalSection(SolutionProperties) = preSolution
		HideSolutionNode = FALSE
	EndGlobalSection
	GlobalSection(ProjectConfigurationPlatforms) = postSolution
		{3CC7FDA3-D7C6-474E-9800-2E77B6325C07}.Debug|Any CPU.ActiveCfg = Debug|Any CPU
		{3CC7FDA3-D7C6-474E-9800-2E77B6325C07}.Debug|Any CPU.Build.0 = Debug|Any CPU
		{3CC7FDA3-D7C6-474E-9800-2E77B6325C07}.Release|Any CPU.ActiveCfg = Release|Any CPU
		{3CC7FDA3-D7C6-474E-9800-2E77B6325C07}.Release|Any CPU.Build.0 = Release|Any CPU
	EndGlobalSection
	GlobalSection(NestedProjects) = preSolution
		{3CC7FDA3-D7C6-474E-9800-2E77B6325C07} = {7AD2028F-68DE-4F5E-98F1-BDD8BB6205B0}
	EndGlobalSection
EndGlobal
